Microsoft Visual Studio Solution File, Format Version 12.00
# Visual Studio Version 17
VisualStudioVersion = 17.5.2.0
MinimumVisualStudioVersion = 10.0.40219.1
Project("{FAE04EC0-301F-11D3-BF4B-00C04F79EFBC}") = "Learning02", "Learning02\Learning02.csproj", "{D7B0AFF4-CA9B-0BA8-8636-FFE4251266DC}"
EndProject
Project("{FAE04EC0-301F-11D3-BF4B-00C04F79EFBC}") = "Learning03", "Learning03\Learning03.csproj", "{6BAC47E7-D930-5D0A-C3D8-4D8514E44486}"
EndProject
Project("{FAE04EC0-301F-11D3-BF4B-00C04F79EFBC}") = "Learning04", "Learning04\Learning04.csproj", "{2E042482-3A84-034B-46A5-6493260BB6CD}"
EndProject
Project("{FAE04EC0-301F-11D3-BF4B-00C04F79EFBC}") = "Learning05", "Learning05\Learning05.csproj", "{ED10E301-FC24-C598-34A5-4C98D5236493}"
EndProject
Global
	GlobalSection(SolutionConfigurationPlatforms) = preSolution
		Debug|Any CPU = Debug|Any CPU
		Release|Any CPU = Release|Any CPU
	EndGlobalSection
	GlobalSection(ProjectConfigurationPlatforms) = postSolution
		{D7B0AFF4-CA9B-0BA8-8636-FFE4251266DC}.Debug|Any CPU.ActiveCfg = Debug|Any CPU
		{D7B0AFF4-CA9B-0BA8-8636-FFE4251266DC}.Debug|Any CPU.Build.0 = Debug|Any CPU
		{D7B0AFF4-CA9B-0BA8-8636-FFE4251266DC}.Release|Any CPU.ActiveCfg = Release|Any CPU
		{D7B0AFF4-CA9B-0BA8-8636-FFE4251266DC}.Release|Any CPU.Build.0 = Release|Any CPU
		{6BAC47E7-D930-5D0A-C3D8-4D8514E44486}.Debug|Any CPU.ActiveCfg = Debug|Any CPU
		{6BAC47E7-D930-5D0A-C3D8-4D8514E44486}.Debug|Any CPU.Build.0 = Debug|Any CPU
		{6BAC47E7-D930-5D0A-C3D8-4D8514E44486}.Release|Any CPU.ActiveCfg = Release|Any CPU
		{6BAC47E7-D930-5D0A-C3D8-4D8514E44486}.Release|Any CPU.Build.0 = Release|Any CPU
		{2E042482-3A84-034B-46A5-6493260BB6CD}.Debug|Any CPU.ActiveCfg = Debug|Any CPU
		{2E042482-3A84-034B-46A5-6493260BB6CD}.Debug|Any CPU.Build.0 = Debug|Any CPU
		{2E042482-3A84-034B-46A5-6493260BB6CD}.Release|Any CPU.ActiveCfg = Release|Any CPU
		{2E042482-3A84-034B-46A5-6493260BB6CD}.Release|Any CPU.Build.0 = Release|Any CPU
		{ED10E301-FC24-C598-34A5-4C98D5236493}.Debug|Any CPU.ActiveCfg = Debug|Any CPU
		{ED10E301-FC24-C598-34A5-4C98D5236493}.Debug|Any CPU.Build.0 = Debug|Any CPU
		{ED10E301-FC24-C598-34A5-4C98D5236493}.Release|Any CPU.ActiveCfg = Release|Any CPU
		{ED10E301-FC24-C598-34A5-4C98D5236493}.Release|Any CPU.Build.0 = Release|Any CPU
	EndGlobalSection
	GlobalSection(SolutionProperties) = preSolution
		HideSolutionNode = FALSE
	EndGlobalSection
	GlobalSection(ExtensibilityGlobals) = postSolution
		SolutionGuid = {2F485522-051F-4857-80DD-89A9F589E44D}
	EndGlobalSection
EndGlobal
